
Microsoft Visual Studio Solution File, Format Version 12.00
# Visual Studio Version 17
VisualStudioVersion = 17.0.31912.275
MinimumVisualStudioVersion = 10.0.40219.1
Project("{FAE04EC0-301F-11D3-BF4B-00C04F79EFBC}") = "AdventOfCode2022", "AdventOfCode2022\AdventOfCode2022.csproj", "{038DE92E-5544-4F53-BC77-D0617776A522}"
EndProject
Global
	GlobalSection(SolutionConfigurationPlatforms) = preSolution
		Debug|Any CPU = Debug|Any CPU
		Release|Any CPU = Release|Any CPU
	EndGlobalSection
	GlobalSection(ProjectConfigurationPlatforms) = postSolution
		{038DE92E-5544-4F53-BC77-D0617776A522}.Debug|Any CPU.ActiveCfg = Debug|Any CPU
		{038DE92E-5544-4F53-BC77-D0617776A522}.Debug|Any CPU.Build.0 = Debug|Any CPU
		{038DE92E-5544-4F53-BC77-D0617776A522}.Release|Any CPU.ActiveCfg = Release|Any CPU
		{038DE92E-5544-4F53-BC77-D0617776A522}.Release|Any CPU.Build.0 = Release|Any CPU
	EndGlobalSection
	GlobalSection(SolutionProperties) = preSolution
		HideSolutionNode = FALSE
	EndGlobalSection
	GlobalSection(ExtensibilityGlobals) = postSolution
		SolutionGuid = {C1C1D627-8F03-4AC6-AE23-3F7F8CC43130}
	EndGlobalSection
EndGlobal
